
Microsoft Visual Studio Solution File, Format Version 12.00
# Visual Studio Version 16
VisualStudioVersion = 16.0.30523.141
MinimumVisualStudioVersion = 10.0.40219.1
Project("{FAE04EC0-301F-11D3-BF4B-00C04F79EFBC}") = "EmployeeServiceAPI", "EmployeeServiceAPI\EmployeeServiceAPI.csproj", "{9236EB39-2202-46B1-B1BE-E6A3210ED024}"
EndProject
Project("{FAE04EC0-301F-11D3-BF4B-00C04F79EFBC}") = "Employee.BusinessAccessLayer", "Employee.Business\Employee.BusinessAccessLayer.csproj", "{5145C09F-28E7-4D48-AFA5-3C5E889FDD1C}"
EndProject
Project("{FAE04EC0-301F-11D3-BF4B-00C04F79EFBC}") = "Employee.Entity", "Employee.Entity\Employee.Entity.csproj", "{B06B3CB5-B996-4A16-86C7-98CB9C5B5A55}"
EndProject
Project("{FAE04EC0-301F-11D3-BF4B-00C04F79EFBC}") = "Employee.DataAccessLayer", "Employee.DataAccessLayer\Employee.DataAccessLayer.csproj", "{53607CF0-53CD-40A9-B6FD-CA4B6D1CCEA2}"
EndProject
Project("{FAE04EC0-301F-11D3-BF4B-00C04F79EFBC}") = "Employee.Interface", "Employee.Interface\Employee.Interface.csproj", "{4E2BB4FF-8308-4B70-B304-889767EC2DF5}"
EndProject
Global
	GlobalSection(SolutionConfigurationPlatforms) = preSolution
		Debug|Any CPU = Debug|Any CPU
		Release|Any CPU = Release|Any CPU
	EndGlobalSection
	GlobalSection(ProjectConfigurationPlatforms) = postSolution
		{9236EB39-2202-46B1-B1BE-E6A3210ED024}.Debug|Any CPU.ActiveCfg = Debug|Any CPU
		{9236EB39-2202-46B1-B1BE-E6A3210ED024}.Debug|Any CPU.Build.0 = Debug|Any CPU
		{9236EB39-2202-46B1-B1BE-E6A3210ED024}.Release|Any CPU.ActiveCfg = Release|Any CPU
		{9236EB39-2202-46B1-B1BE-E6A3210ED024}.Release|Any CPU.Build.0 = Release|Any CPU
		{5145C09F-28E7-4D48-AFA5-3C5E889FDD1C}.Debug|Any CPU.ActiveCfg = Debug|Any CPU
		{5145C09F-28E7-4D48-AFA5-3C5E889FDD1C}.Debug|Any CPU.Build.0 = Debug|Any CPU
		{5145C09F-28E7-4D48-AFA5-3C5E889FDD1C}.Release|Any CPU.ActiveCfg = Release|Any CPU
		{5145C09F-28E7-4D48-AFA5-3C5E889FDD1C}.Release|Any CPU.Build.0 = Release|Any CPU
		{B06B3CB5-B996-4A16-86C7-98CB9C5B5A55}.Debug|Any CPU.ActiveCfg = Debug|Any CPU
		{B06B3CB5-B996-4A16-86C7-98CB9C5B5A55}.Debug|Any CPU.Build.0 = Debug|Any CPU
		{B06B3CB5-B996-4A16-86C7-98CB9C5B5A55}.Release|Any CPU.ActiveCfg = Release|Any CPU
		{B06B3CB5-B996-4A16-86C7-98CB9C5B5A55}.Release|Any CPU.Build.0 = Release|Any CPU
		{53607CF0-53CD-40A9-B6FD-CA4B6D1CCEA2}.Debug|Any CPU.ActiveCfg = Debug|Any CPU
		{53607CF0-53CD-40A9-B6FD-CA4B6D1CCEA2}.Debug|Any CPU.Build.0 = Debug|Any CPU
		{53607CF0-53CD-40A9-B6FD-CA4B6D1CCEA2}.Release|Any CPU.ActiveCfg = Release|Any CPU
		{53607CF0-53CD-40A9-B6FD-CA4B6D1CCEA2}.Release|Any CPU.Build.0 = Release|Any CPU
		{4E2BB4FF-8308-4B70-B304-889767EC2DF5}.Debug|Any CPU.ActiveCfg = Debug|Any CPU
		{4E2BB4FF-8308-4B70-B304-889767EC2DF5}.Debug|Any CPU.Build.0 = Debug|Any CPU
		{4E2BB4FF-8308-4B70-B304-889767EC2DF5}.Release|Any CPU.ActiveCfg = Release|Any CPU
		{4E2BB4FF-8308-4B70-B304-889767EC2DF5}.Release|Any CPU.Build.0 = Release|Any CPU
	EndGlobalSection
	GlobalSection(SolutionProperties) = preSolution
		HideSolutionNode = FALSE
	EndGlobalSection
	GlobalSection(ExtensibilityGlobals) = postSolution
		SolutionGuid = {46C880CA-BEA6-4E9E-9184-C4DC9B288C37}
	EndGlobalSection
EndGlobal
